name: Generate lockfile

on:
  push:
    branches:
      - tmp-lockgen
    paths:
      - '.github/workflows/generate-lock.yml'

jobs:
  lockfile:
    runs-on: ubuntu-latest
    steps:
      - name: Checkout
        uses: actions/checkout@v4

      - name: Setup Node
        uses: actions/setup-node@v4
        with:
          node-version: 22

      - name: Generate package-lock.json
        run: npm install --package-lock-only --ignore-scripts --no-audit --no-fund

      - name: Upload lockfile
        uses: actions/upload-artifact@v4
        with:
          name: package-lock
          path: package-lock.json
